
Microsoft Visual Studio Solution File, Format Version 12.00
# Visual Studio 2013
VisualStudioVersion = 12.0.30723.0
MinimumVisualStudioVersion = 10.0.40219.1
Project("{FAE04EC0-301F-11D3-BF4B-00C04F79EFBC}") = "MVCGridPaging", "MVCPaging\MVCGridPaging.csproj", "{2E39A3B2-CB3A-4951-B5CC-F6D76D8759B1}"
EndProject
Project("{FAE04EC0-301F-11D3-BF4B-00C04F79EFBC}") = "MVCGridPaging.Tests", "MVCPaging.Tests\MVCGridPaging.Tests.csproj", "{3B100BD7-0252-492C-9627-74D92078BA68}"
EndProject
Global
	GlobalSection(SolutionConfigurationPlatforms) = preSolution
		Debug|Any CPU = Debug|Any CPU
		Release|Any CPU = Release|Any CPU
	EndGlobalSection
	GlobalSection(ProjectConfigurationPlatforms) = postSolution
		{2E39A3B2-CB3A-4951-B5CC-F6D76D8759B1}.Debug|Any CPU.ActiveCfg = Debug|Any CPU
		{2E39A3B2-CB3A-4951-B5CC-F6D76D8759B1}.Debug|Any CPU.Build.0 = Debug|Any CPU
		{2E39A3B2-CB3A-4951-B5CC-F6D76D8759B1}.Release|Any CPU.ActiveCfg = Release|Any CPU
		{2E39A3B2-CB3A-4951-B5CC-F6D76D8759B1}.Release|Any CPU.Build.0 = Release|Any CPU
		{3B100BD7-0252-492C-9627-74D92078BA68}.Debug|Any CPU.ActiveCfg = Debug|Any CPU
		{3B100BD7-0252-492C-9627-74D92078BA68}.Debug|Any CPU.Build.0 = Debug|Any CPU
		{3B100BD7-0252-492C-9627-74D92078BA68}.Release|Any CPU.ActiveCfg = Release|Any CPU
		{3B100BD7-0252-492C-9627-74D92078BA68}.Release|Any CPU.Build.0 = Release|Any CPU
	EndGlobalSection
	GlobalSection(SolutionProperties) = preSolution
		HideSolutionNode = FALSE
	EndGlobalSection
EndGlobal
